// !$*UTF8*$!
{
	archiveVersion = 1;
	classes = {
	};
	objectVersion = 46;
	objects = {

/* Begin PBXBuildFile section */
		8A8C576F1D857DE200F8B369 /* AppDelegate.swift in Sources */ = {isa = PBXBuildFile; fileRef = 8A8C576E1D857DE200F8B369 /* AppDelegate.swift */; };
		8A8C57711D857DE200F8B369 /* RootViewController.swift in Sources */ = {isa = PBXBuildFile; fileRef = 8A8C57701D857DE200F8B369 /* RootViewController.swift */; };
		8A8C57731D857DE200F8B369 /* DataViewController.swift in Sources */ = {isa = PBXBuildFile; fileRef = 8A8C57721D857DE200F8B369 /* DataViewController.swift */; };
		8A8C57751D857DE200F8B369 /* ModelController.swift in Sources */ = {isa = PBXBuildFile; fileRef = 8A8C57741D857DE200F8B369 /* ModelController.swift */; };
		8A8C57781D857DE200F8B369 /* Main.storyboard in Resources */ = {isa = PBXBuildFile; fileRef = 8A8C57761D857DE200F8B369 /* Main.storyboard */; };
		8A8C577A1D857DE200F8B369 /* Assets.xcassets in Resources */ = {isa = PBXBuildFile; fileRef = 8A8C57791D857DE200F8B369 /* Assets.xcassets */; };
		8A8C577D1D857DE200F8B369 /* LaunchScreen.storyboard in Resources */ = {isa = PBXBuildFile; fileRef = 8A8C577B1D857DE200F8B369 /* LaunchScreen.storyboard */; };
		8A8C57881D857DE200F8B369 /* ChatAppTests.swift in Sources */ = {isa = PBXBuildFile; fileRef = 8A8C57871D857DE200F8B369 /* ChatAppTests.swift */; };
/* End PBXBuildFile section */

/* Begin PBXContainerItemProxy section */
		8A8C57841D857DE200F8B369 /* PBXContainerItemProxy */ = {
			isa = PBXContainerItemProxy;
			containerPortal = 8A8C57631D857DE200F8B369 /* Project object */;
			proxyType = 1;
			remoteGlobalIDString = 8A8C576A1D857DE200F8B369;
			remoteInfo = ChatApp;
		};
/* End PBXContainerItemProxy section */

/* Begin PBXFileReference section */
		8A8C576B1D857DE200F8B369 /* ChatApp.app */ = {isa = PBXFileReference; explicitFileType = wrapper.application; includeInIndex = 0; path = ChatApp.app; sourceTree = BUILT_PRODUCTS_DIR; };
		8A8C576E1D857DE200F8B369 /* AppDelegate.swift */ = {isa = PBXFileReference; lastKnownFileType = sourcecode.swift; path = AppDelegate.swift; sourceTree = "<group>"; };
		8A8C57701D857DE200F8B369 /* RootViewController.swift */ = {isa = PBXFileReference; lastKnownFileType = sourcecode.swift; path = RootViewController.swift; sourceTree = "<group>"; };
		8A8C57721D857DE200F8B369 /* DataViewController.swift */ = {isa = PBXFileReference; lastKnownFileType = sourcecode.swift; path = DataViewController.swift; sourceTree = "<group>"; };
		8A8C57741D857DE200F8B369 /* ModelController.swift */ = {isa = PBXFileReference; lastKnownFileType = sourcecode.swift; path = ModelController.swift; sourceTree = "<group>"; };
		8A8C57771D857DE200F8B369 /* Base */ = {isa = PBXFileReference; lastKnownFileType = file.storyboard; name = Base; path = Base.lproj/Main.storyboard; sourceTree = "<group>"; };
		8A8C57791D857DE200F8B369 /* Assets.xcassets */ = {isa = PBXFileReference; lastKnownFileType = folder.assetcatalog; path = Assets.xcassets; sourceTree = "<group>"; };
		8A8C577C1D857DE200F8B369 /* Base */ = {isa = PBXFileReference; lastKnownFileType = file.storyboard; name = Base; path = Base.lproj/LaunchScreen.storyboard; sourceTree = "<group>"; };
		8A8C577E1D857DE200F8B369 /* Info.plist */ = {isa = PBXFileReference; lastKnownFileType = text.plist.xml; path = Info.plist; sourceTree = "<group>"; };
		8A8C57831D857DE200F8B369 /* ChatAppTests.xctest */ = {isa = PBXFileReference; explicitFileType = wrapper.cfbundle; includeInIndex = 0; path = ChatAppTests.xctest; sourceTree = BUILT_PRODUCTS_DIR; };
		8A8C57871D857DE200F8B369 /* ChatAppTests.swift */ = {isa = PBXFileReference; lastKnownFileType = sourcecode.swift; path = ChatAppTests.swift; sourceTree = "<group>"; };
		8A8C57891D857DE200F8B369 /* Info.plist */ = {isa = PBXFileReference; lastKnownFileType = text.plist.xml; path = Info.plist; sourceTree = "<group>"; };
/* End PBXFileReference section */

/* Begin PBXFrameworksBuildPhase section */
		8A8C57681D857DE200F8B369 /* Frameworks */ = {
			isa = PBXFrameworksBuildPhase;
			buildActionMask = 2147483647;
			files = (
			);
			runOnlyForDeploymentPostprocessing = 0;
		};
		8A8C57801D857DE200F8B369 /* Frameworks */ = {
			isa = PBXFrameworksBuildPhase;
			buildActionMask = 2147483647;
			files = (
			);
			runOnlyForDeploymentPostprocessing = 0;
		};
/* End PBXFrameworksBuildPhase section */

/* Begin PBXGroup section */
		8A8C57621D857DE200F8B369 = {
			isa = PBXGroup;
			children = (
				8A8C576D1D857DE200F8B369 /* ChatApp */,
				8A8C57861D857DE200F8B369 /* ChatAppTests */,
				8A8C576C1D857DE200F8B369 /* Products */,
			);
			sourceTree = "<group>";
		};
		8A8C576C1D857DE200F8B369 /* Products */ = {
			isa = PBXGroup;
			children = (
				8A8C576B1D857DE200F8B369 /* ChatApp.app */,
				8A8C57831D857DE200F8B369 /* ChatAppTests.xctest */,
			);
			name = Products;
			sourceTree = "<group>";
		};
		8A8C576D1D857DE200F8B369 /* ChatApp */ = {
			isa = PBXGroup;
			children = (
				8A8C576E1D857DE200F8B369 /* AppDelegate.swift */,
				8A8C57701D857DE200F8B369 /* RootViewController.swift */,
				8A8C57721D857DE200F8B369 /* DataViewController.swift */,
				8A8C57741D857DE200F8B369 /* ModelController.swift */,
				8A8C57761D857DE200F8B369 /* Main.storyboard */,
				8A8C57791D857DE200F8B369 /* Assets.xcassets */,
				8A8C577B1D857DE200F8B369 /* LaunchScreen.storyboard */,
				8A8C577E1D857DE200F8B369 /* Info.plist */,
			);
			path = ChatApp;
			sourceTree = "<group>";
		};
		8A8C57861D857DE200F8B369 /* ChatAppTests */ = {
			isa = PBXGroup;
			children = (
				8A8C57871D857DE200F8B369 /* ChatAppTests.swift */,
				8A8C57891D857DE200F8B369 /* Info.plist */,
			);
			path = ChatAppTests;
			sourceTree = "<group>";
		};
/* End PBXGroup section */

/* Begin PBXNativeTarget section */
		8A8C576A1D857DE200F8B369 /* ChatApp */ = {
			isa = PBXNativeTarget;
			buildConfigurationList = 8A8C578C1D857DE200F8B369 /* Build configuration list for PBXNativeTarget "ChatApp" */;
			buildPhases = (
				8A8C57671D857DE200F8B369 /* Sources */,
				8A8C57681D857DE200F8B369 /* Frameworks */,
				8A8C57691D857DE200F8B369 /* Resources */,
			);
			buildRules = (
			);
			dependencies = (
			);
			name = ChatApp;
			productName = ChatApp;
			productReference = 8A8C576B1D857DE200F8B369 /* ChatApp.app */;
			productType = "com.apple.product-type.application";
		};
		8A8C57821D857DE200F8B369 /* ChatAppTests */ = {
			isa = PBXNativeTarget;
			buildConfigurationList = 8A8C578F1D857DE200F8B369 /* Build configuration list for PBXNativeTarget "ChatAppTests" */;
			buildPhases = (
				8A8C577F1D857DE200F8B369 /* Sources */,
				8A8C57801D857DE200F8B369 /* Frameworks */,
				8A8C57811D857DE200F8B369 /* Resources */,
			);
			buildRules = (
			);
			dependencies = (
				8A8C57851D857DE200F8B369 /* PBXTargetDependency */,
			);
			name = ChatAppTests;
			productName = ChatAppTests;
			productReference = 8A8C57831D857DE200F8B369 /* ChatAppTests.xctest */;
			productType = "com.apple.product-type.bundle.unit-test";
		};
/* End PBXNativeTarget section */

/* Begin PBXProject section */
		8A8C57631D857DE200F8B369 /* Project object */ = {
			isa = PBXProject;
			attributes = {
				LastSwiftUpdateCheck = 0730;
				LastUpgradeCheck = 0730;
				ORGANIZATIONNAME = KRS;
				TargetAttributes = {
					8A8C576A1D857DE200F8B369 = {
						CreatedOnToolsVersion = 7.3.1;
					};
					8A8C57821D857DE200F8B369 = {
						CreatedOnToolsVersion = 7.3.1;
						TestTargetID = 8A8C576A1D857DE200F8B369;
					};
				};
			};
			buildConfigurationList = 8A8C57661D857DE200F8B369 /* Build configuration list for PBXProject "ChatApp" */;
			compatibilityVersion = "Xcode 3.2";
			developmentRegion = English;
			hasScannedForEncodings = 0;
			knownRegions = (
				en,
				Base,
			);
			mainGroup = 8A8C57621D857DE200F8B369;
			productRefGroup = 8A8C576C1D857DE200F8B369 /* Products */;
			projectDirPath = "";
			projectRoot = "";
			targets = (
				8A8C576A1D857DE200F8B369 /* ChatApp */,
				8A8C57821D857DE200F8B369 /* ChatAppTests */,
			);
		};
/* End PBXProject section */

/* Begin PBXResourcesBuildPhase section */
		8A8C57691D857DE200F8B369 /* Resources */ = {
			isa = PBXResourcesBuildPhase;
			buildActionMask = 2147483647;
			files = (
				8A8C577D1D857DE200F8B369 /* LaunchScreen.storyboard in Resources */,
				8A8C577A1D857DE200F8B369 /* Assets.xcassets in Resources */,
				8A8C57781D857DE200F8B369 /* Main.storyboard in Resources */,
			);
			runOnlyForDeploymentPostprocessing = 0;
		};
		8A8C57811D857DE200F8B369 /* Resources */ = {
			isa = PBXResourcesBuildPhase;
			buildActionMask = 2147483647;
			files = (
			);
			runOnlyForDeploymentPostprocessing = 0;
		};
/* End PBXResourcesBuildPhase section */

/* Begin PBXSourcesBuildPhase section */
		8A8C57671D857DE200F8B369 /* Sources */ = {
			isa = PBXSourcesBuildPhase;
			buildActionMask = 2147483647;
			files = (
				8A8C57711D857DE200F8B369 /* RootViewController.swift in Sources */,
				8A8C57751D857DE200F8B369 /* ModelController.swift in Sources */,
				8A8C57731D857DE200F8B369 /* DataViewController.swift in Sources */,
				8A8C576F1D857DE200F8B369 /* AppDelegate.swift in Sources */,
			);
			runOnlyForDeploymentPostprocessing = 0;
		};
		8A8C577F1D857DE200F8B369 /* Sources */ = {
			isa = PBXSourcesBuildPhase;
			buildActionMask = 2147483647;
			files = (
				8A8C57881D857DE200F8B369 /* ChatAppTests.swift in Sources */,
			);
			runOnlyForDeploymentPostprocessing = 0;
		};
/* End PBXSourcesBuildPhase section */

/* Begin PBXTargetDependency section */
		8A8C57851D857DE200F8B369 /* PBXTargetDependency */ = {
			isa = PBXTargetDependency;
			target = 8A8C576A1D857DE200F8B369 /* ChatApp */;
			targetProxy = 8A8C57841D857DE200F8B369 /* PBXContainerItemProxy */;
		};
/* End PBXTargetDependency section */

/* Begin PBXVariantGroup section */
		8A8C57761D857DE200F8B369 /* Main.storyboard */ = {
			isa = PBXVariantGroup;
			children = (
				8A8C57771D857DE200F8B369 /* Base */,
			);
			name = Main.storyboard;
			sourceTree = "<group>";
		};
		8A8C577B1D857DE200F8B369 /* LaunchScreen.storyboard */ = {
			isa = PBXVariantGroup;
			children = (
				8A8C577C1D857DE200F8B369 /* Base */,
			);
			name = LaunchScreen.storyboard;
			sourceTree = "<group>";
		};
/* End PBXVariantGroup section */

/* Begin XCBuildConfiguration section */
		8A8C578A1D857DE200F8B369 /* Debug */ = {
			isa = XCBuildConfiguration;
			buildSettings = {
				ALWAYS_SEARCH_USER_PATHS = NO;
				CLANG_ANALYZER_NONNULL = YES;
				CLANG_CXX_LANGUAGE_STANDARD = "gnu++0x";
				CLANG_CXX_LIBRARY = "libc++";
				CLANG_ENABLE_MODULES = YES;
				CLANG_ENABLE_OBJC_ARC = YES;
				CLANG_WARN_BOOL_CONVERSION = YES;
				CLANG_WARN_CONSTANT_CONVERSION = YES;
				CLANG_WARN_DIRECT_OBJC_ISA_USAGE = YES_ERROR;
				CLANG_WARN_EMPTY_BODY = YES;
				CLANG_WARN_ENUM_CONVERSION = YES;
				CLANG_WARN_INT_CONVERSION = YES;
				CLANG_WARN_OBJC_ROOT_CLASS = YES_ERROR;
				CLANG_WARN_UNREACHABLE_CODE = YES;
				CLANG_WARN__DUPLICATE_METHOD_MATCH = YES;
				"CODE_SIGN_IDENTITY[sdk=iphoneos*]" = "iPhone Developer";
				COPY_PHASE_STRIP = NO;
				DEBUG_INFORMATION_FORMAT = dwarf;
				ENABLE_STRICT_OBJC_MSGSEND = YES;
				ENABLE_TESTABILITY = YES;
				GCC_C_LANGUAGE_STANDARD = gnu99;
				GCC_DYNAMIC_NO_PIC = NO;
				GCC_NO_COMMON_BLOCKS = YES;
				GCC_OPTIMIZATION_LEVEL = 0;
				GCC_PREPROCESSOR_DEFINITIONS = (
					"DEBUG=1",
					"$(inherited)",
				);
				GCC_WARN_64_TO_32_BIT_CONVERSION = YES;
				GCC_WARN_ABOUT_RETURN_TYPE = YES_ERROR;
				GCC_WARN_UNDECLARED_SELECTOR = YES;
				GCC_WARN_UNINITIALIZED_AUTOS = YES_AGGRESSIVE;
				GCC_WARN_UNUSED_FUNCTION = YES;
				GCC_WARN_UNUSED_VARIABLE = YES;
				IPHONEOS_DEPLOYMENT_TARGET = 9.3;
				MTL_ENABLE_DEBUG_INFO = YES;
				ONLY_ACTIVE_ARCH = YES;
				SDKROOT = iphoneos;
				SWIFT_OPTIMIZATION_LEVEL = "-Onone";
			};
			name = Debug;
		};
		8A8C578B1D857DE200F8B369 /* Release */ = {
			isa = XCBuildConfiguration;
			buildSettings = {
				ALWAYS_SEARCH_USER_PATHS = NO;
				CLANG_ANALYZER_NONNULL = YES;
				CLANG_CXX_LANGUAGE_STANDARD = "gnu++0x";
				CLANG_CXX_LIBRARY = "libc++";
				CLANG_ENABLE_MODULES = YES;
				CLANG_ENABLE_OBJC_ARC = YES;
				CLANG_WARN_BOOL_CONVERSION = YES;
				CLANG_WARN_CONSTANT_CONVERSION = YES;
				CLANG_WARN_DIRECT_OBJC_ISA_USAGE = YES_ERROR;
				CLANG_WARN_EMPTY_BODY = YES;
				CLANG_WARN_ENUM_CONVERSION = YES;
				CLANG_WARN_INT_CONVERSION = YES;
				CLANG_WARN_OBJC_ROOT_CLASS = YES_ERROR;
				CLANG_WARN_UNREACHABLE_CODE = YES;
				CLANG_WARN__DUPLICATE_METHOD_MATCH = YES;
				"CODE_SIGN_IDENTITY[sdk=iphoneos*]" = "iPhone Developer";
				COPY_PHASE_STRIP = NO;
				DEBUG_INFORMATION_FORMAT = "dwarf-with-dsym";
				ENABLE_NS_ASSERTIONS = NO;
				ENABLE_STRICT_OBJC_MSGSEND = YES;
				GCC_C_LANGUAGE_STANDARD = gnu99;
				GCC_NO_COMMON_BLOCKS = YES;
				GCC_WARN_64_TO_32_BIT_CONVERSION = YES;
				GCC_WARN_ABOUT_RETURN_TYPE = YES_ERROR;
				GCC_WARN_UNDECLARED_SELECTOR = YES;
				GCC_WARN_UNINITIALIZED_AUTOS = YES_AGGRESSIVE;
				GCC_WARN_UNUSED_FUNCTION = YES;
				GCC_WARN_UNUSED_VARIABLE = YES;
				IPHONEOS_DEPLOYMENT_TARGET = 9.3;
				MTL_ENABLE_DEBUG_INFO = NO;
				SDKROOT = iphoneos;
				VALIDATE_PRODUCT = YES;
			};
			name = Release;
		};
		8A8C578D1D857DE200F8B369 /* Debug */ = {
			isa = XCBuildConfiguration;
			buildSettings = {
				ASSETCATALOG_COMPILER_APPICON_NAME = AppIcon;
				INFOPLIST_FILE = ChatApp/Info.plist;
				LD_RUNPATH_SEARCH_PATHS = "$(inherited) @executable_path/Frameworks";
				PRODUCT_BUNDLE_IDENTIFIER = com.KRS.ChatApp.ChatApp;
				PRODUCT_NAME = "$(TARGET_NAME)";
			};
			name = Debug;
		};
		8A8C578E1D857DE200F8B369 /* Release */ = {
			isa = XCBuildConfiguration;
			buildSettings = {
				ASSETCATALOG_COMPILER_APPICON_NAME = AppIcon;
				INFOPLIST_FILE = ChatApp/Info.plist;
				LD_RUNPATH_SEARCH_PATHS = "$(inherited) @executable_path/Frameworks";
				PRODUCT_BUNDLE_IDENTIFIER = com.KRS.ChatApp.ChatApp;
				PRODUCT_NAME = "$(TARGET_NAME)";
			};
			name = Release;
		};
		8A8C57901D857DE200F8B369 /* Debug */ = {
			isa = XCBuildConfiguration;
			buildSettings = {
				BUNDLE_LOADER = "$(TEST_HOST)";
				INFOPLIST_FILE = ChatAppTests/Info.plist;
				LD_RUNPATH_SEARCH_PATHS = "$(inherited) @executable_path/Frameworks @loader_path/Frameworks";
				PRODUCT_BUNDLE_IDENTIFIER = com.KRS.ChatApp.ChatAppTests;
				PRODUCT_NAME = "$(TARGET_NAME)";
				TEST_HOST = "$(BUILT_PRODUCTS_DIR)/ChatApp.app/ChatApp";
			};
			name = Debug;
		};
		8A8C57911D857DE200F8B369 /* Release */ = {
			isa = XCBuildConfiguration;
			buildSettings = {
				BUNDLE_LOADER = "$(TEST_HOST)";
				INFOPLIST_FILE = ChatAppTests/Info.plist;
				LD_RUNPATH_SEARCH_PATHS = "$(inherited) @executable_path/Frameworks @loader_path/Frameworks";
				PRODUCT_BUNDLE_IDENTIFIER = com.KRS.ChatApp.ChatAppTests;
				PRODUCT_NAME = "$(TARGET_NAME)";
				TEST_HOST = "$(BUILT_PRODUCTS_DIR)/ChatApp.app/ChatApp";
			};
			name = Release;
		};
/* End XCBuildConfiguration section */

/* Begin XCConfigurationList section */
		8A8C57661D857DE200F8B369 /* Build configuration list for PBXProject "ChatApp" */ = {
			isa = XCConfigurationList;
			buildConfigurations = (
				8A8C578A1D857DE200F8B369 /* Debug */,
				8A8C578B1D857DE200F8B369 /* Release */,
			);
			defaultConfigurationIsVisible = 0;
			defaultConfigurationName = Release;
		};
		8A8C578C1D857DE200F8B369 /* Build configuration list for PBXNativeTarget "ChatApp" */ = {
			isa = XCConfigurationList;
			buildConfigurations = (
				8A8C578D1D857DE200F8B369 /* Debug */,
				8A8C578E1D857DE200F8B369 /* Release */,
			);
			defaultConfigurationIsVisible = 0;
		};
		8A8C578F1D857DE200F8B369 /* Build configuration list for PBXNativeTarget "ChatAppTests" */ = {
			isa = XCConfigurationList;
			buildConfigurations = (
				8A8C57901D857DE200F8B369 /* Debug */,
				8A8C57911D857DE200F8B369 /* Release */,
			);
			defaultConfigurationIsVisible = 0;
		};
/* End XCConfigurationList section */
	};
	rootObject = 8A8C57631D857DE200F8B369 /* Project object */;
}
